// !$*UTF8*$!
{
	archiveVersion = 1;
	classes = {
	};
	objectVersion = 56;
	objects = {

/* Begin PBXBuildFile section */
		27244A1D2D7DE98300ADBBAA /* SwipeViewController.swift in Sources */ = {isa = PBXBuildFile; fileRef = 27244A1C2D7DE98300ADBBAA /* SwipeViewController.swift */; };
		27244A1F2D7DE99D00ADBBAA /* BookRecommendationSystem.mlmodel in Sources */ = {isa = PBXBuildFile; fileRef = 27244A1E2D7DE99D00ADBBAA /* BookRecommendationSystem.mlmodel */; };
		27244A212D7DF3F700ADBBAA /* BookRecommender.swift in Sources */ = {isa = PBXBuildFile; fileRef = 27244A202D7DF3F700ADBBAA /* BookRecommender.swift */; };
		27244A232D7DF6E000ADBBAA /* ResultsViewController.swift in Sources */ = {isa = PBXBuildFile; fileRef = 27244A222D7DF6E000ADBBAA /* ResultsViewController.swift */; };
		276D6D152D64649C0041317C /* AppDelegate.swift in Sources */ = {isa = PBXBuildFile; fileRef = 276D6D142D64649C0041317C /* AppDelegate.swift */; };
		276D6D172D64649C0041317C /* SceneDelegate.swift in Sources */ = {isa = PBXBuildFile; fileRef = 276D6D162D64649C0041317C /* SceneDelegate.swift */; };
		276D6D192D64649C0041317C /* ViewController.swift in Sources */ = {isa = PBXBuildFile; fileRef = 276D6D182D64649C0041317C /* ViewController.swift */; };
		276D6D1E2D64649D0041317C /* Assets.xcassets in Resources */ = {isa = PBXBuildFile; fileRef = 276D6D1D2D64649D0041317C /* Assets.xcassets */; };
		276D6D212D64649D0041317C /* Base in Resources */ = {isa = PBXBuildFile; fileRef = 276D6D202D64649D0041317C /* Base */; };
		276D6D292D646CD40041317C /* TabBarController.swift in Sources */ = {isa = PBXBuildFile; fileRef = 276D6D282D646CD40041317C /* TabBarController.swift */; };
		276D6D2C2D646D020041317C /* HomeViewController.swift in Sources */ = {isa = PBXBuildFile; fileRef = 276D6D2B2D646D020041317C /* HomeViewController.swift */; };
		276D6D2E2D646D3F0041317C /* RentHomeViewController.swift in Sources */ = {isa = PBXBuildFile; fileRef = 276D6D2D2D646D3F0041317C /* RentHomeViewController.swift */; };
		276D6D302D646D600041317C /* LibraryViewController.swift in Sources */ = {isa = PBXBuildFile; fileRef = 276D6D2F2D646D600041317C /* LibraryViewController.swift */; };
		276D6D322D646D740041317C /* ProfileViewController.swift in Sources */ = {isa = PBXBuildFile; fileRef = 276D6D312D646D740041317C /* ProfileViewController.swift */; };
		276D6D372D646E590041317C /* SplashViewController.swift in Sources */ = {isa = PBXBuildFile; fileRef = 276D6D362D646E590041317C /* SplashViewController.swift */; };
		276D6D392D646E730041317C /* Color.swift in Sources */ = {isa = PBXBuildFile; fileRef = 276D6D382D646E730041317C /* Color.swift */; };
		276D6D3C2D6478D60041317C /* OnboardingViewController.swift in Sources */ = {isa = PBXBuildFile; fileRef = 276D6D3B2D6478D60041317C /* OnboardingViewController.swift */; };
		276D6D3E2D648E070041317C /* BookListViewController.swift in Sources */ = {isa = PBXBuildFile; fileRef = 276D6D3D2D648E070041317C /* BookListViewController.swift */; };
		276D6D422D648E9E0041317C /* Books.swift in Sources */ = {isa = PBXBuildFile; fileRef = 276D6D412D648E9E0041317C /* Books.swift */; };
		276D6D472D6490380041317C /* FirebaseAnalytics in Frameworks */ = {isa = PBXBuildFile; productRef = 276D6D462D6490380041317C /* FirebaseAnalytics */; };
		276D6D492D6490380041317C /* FirebaseAnalyticsOnDeviceConversion in Frameworks */ = {isa = PBXBuildFile; productRef = 276D6D482D6490380041317C /* FirebaseAnalyticsOnDeviceConversion */; };
		276D6D4B2D6490380041317C /* FirebaseAnalyticsWithoutAdIdSupport in Frameworks */ = {isa = PBXBuildFile; productRef = 276D6D4A2D6490380041317C /* FirebaseAnalyticsWithoutAdIdSupport */; };
		276D6D4D2D6490380041317C /* FirebaseAppCheck in Frameworks */ = {isa = PBXBuildFile; productRef = 276D6D4C2D6490380041317C /* FirebaseAppCheck */; };
		276D6D4F2D6490380041317C /* FirebaseAppDistribution-Beta in Frameworks */ = {isa = PBXBuildFile; productRef = 276D6D4E2D6490380041317C /* FirebaseAppDistribution-Beta */; };
		276D6D522D6490910041317C /* FirebaseCore in Frameworks */ = {isa = PBXBuildFile; productRef = 276D6D512D6490910041317C /* FirebaseCore */; };
		276D6D542D6490970041317C /* FirebaseAuth in Frameworks */ = {isa = PBXBuildFile; productRef = 276D6D532D6490970041317C /* FirebaseAuth */; };
		276D6D562D64909B0041317C /* FirebaseFirestore in Frameworks */ = {isa = PBXBuildFile; productRef = 276D6D552D64909B0041317C /* FirebaseFirestore */; };
		276D6D582D64911B0041317C /* BookViewController.swift in Sources */ = {isa = PBXBuildFile; fileRef = 276D6D572D64911B0041317C /* BookViewController.swift */; };
		276D6D5F2D6493630041317C /* DataModels.swift in Sources */ = {isa = PBXBuildFile; fileRef = 276D6D5E2D6493630041317C /* DataModels.swift */; };
		276D6D622D649BAC0041317C /* BooksCells.swift in Sources */ = {isa = PBXBuildFile; fileRef = 276D6D612D649BAC0041317C /* BooksCells.swift */; };
		276D6D652D649C0A0041317C /* SDWebImage in Frameworks */ = {isa = PBXBuildFile; productRef = 276D6D642D649C0A0041317C /* SDWebImage */; };
		276D6D672D649C0A0041317C /* SDWebImageMapKit in Frameworks */ = {isa = PBXBuildFile; productRef = 276D6D662D649C0A0041317C /* SDWebImageMapKit */; };
		276D6D692D649C2C0041317C /* RentersCell.swift in Sources */ = {isa = PBXBuildFile; fileRef = 276D6D682D649C2C0041317C /* RentersCell.swift */; };
		276D6D6B2D649D8C0041317C /* BookManagementViewController.swift in Sources */ = {isa = PBXBuildFile; fileRef = 276D6D6A2D649D8C0041317C /* BookManagementViewController.swift */; };
		276D6D6D2D649DAF0041317C /* RentBooksViewController.swift in Sources */ = {isa = PBXBuildFile; fileRef = 276D6D6C2D649DAF0041317C /* RentBooksViewController.swift */; };
		276D6D6F2D649DD10041317C /* BorrowedBooksViewController.swift in Sources */ = {isa = PBXBuildFile; fileRef = 276D6D6E2D649DD10041317C /* BorrowedBooksViewController.swift */; };
		276D6D712D649DEB0041317C /* RentersProfileViewController.swift in Sources */ = {isa = PBXBuildFile; fileRef = 276D6D702D649DEB0041317C /* RentersProfileViewController.swift */; };
		276D6D732D649E1D0041317C /* BookCard.swift in Sources */ = {isa = PBXBuildFile; fileRef = 276D6D722D649E1D0041317C /* BookCard.swift */; };
		276D6D752D649E990041317C /* RentalRequestsViewController.swift in Sources */ = {isa = PBXBuildFile; fileRef = 276D6D742D649E990041317C /* RentalRequestsViewController.swift */; };
		276D6D772D649ECD0041317C /* ChatViewController.swift in Sources */ = {isa = PBXBuildFile; fileRef = 276D6D762D649ECD0041317C /* ChatViewController.swift */; };
		276D6D792D64A0080041317C /* RatingPopupView.swift in Sources */ = {isa = PBXBuildFile; fileRef = 276D6D782D64A0080041317C /* RatingPopupView.swift */; };
		276D6D7B2D64A0360041317C /* RequestTableViewCell.swift in Sources */ = {isa = PBXBuildFile; fileRef = 276D6D7A2D64A0360041317C /* RequestTableViewCell.swift */; };
		276D6D7D2D64A0AA0041317C /* MessageCell.swift in Sources */ = {isa = PBXBuildFile; fileRef = 276D6D7C2D64A0AA0041317C /* MessageCell.swift */; };
		276D6D7F2D64B3B30041317C /* GoogleService-Info.plist in Resources */ = {isa = PBXBuildFile; fileRef = 276D6D7E2D64B3B30041317C /* GoogleService-Info.plist */; };
		276D6D812D64DC7A0041317C /* EditProfileController.swift in Sources */ = {isa = PBXBuildFile; fileRef = 276D6D802D64DC7A0041317C /* EditProfileController.swift */; };
		276D6D832D64DCA40041317C /* BookSupportViewController.swift in Sources */ = {isa = PBXBuildFile; fileRef = 276D6D822D64DCA40041317C /* BookSupportViewController.swift */; };
		276D6D852D64DCE20041317C /* SearchViewController.swift in Sources */ = {isa = PBXBuildFile; fileRef = 276D6D842D64DCE20041317C /* SearchViewController.swift */; };
		276D6D882D64E1920041317C /* BookCell.swift in Sources */ = {isa = PBXBuildFile; fileRef = 276D6D872D64E1920041317C /* BookCell.swift */; };
		276D6D8B2D64E9850041317C /* LoginViewController.swift in Sources */ = {isa = PBXBuildFile; fileRef = 276D6D8A2D64E9850041317C /* LoginViewController.swift */; };
		276D6D8D2D64E99A0041317C /* CreateAccountViewController.swift in Sources */ = {isa = PBXBuildFile; fileRef = 276D6D8C2D64E99A0041317C /* CreateAccountViewController.swift */; };
		276D6D8F2D64E9DC0041317C /* GenrePrefrencesViewController.swift in Sources */ = {isa = PBXBuildFile; fileRef = 276D6D8E2D64E9DC0041317C /* GenrePrefrencesViewController.swift */; };
		276D6D912D64E9F30041317C /* AuthorPrefrencesViewController.swift in Sources */ = {isa = PBXBuildFile; fileRef = 276D6D902D64E9F30041317C /* AuthorPrefrencesViewController.swift */; };
		2791BD562D66EC7500A6CB52 /* RecommendedListCollectionViewCell.swift in Sources */ = {isa = PBXBuildFile; fileRef = 2791BD552D66EC7500A6CB52 /* RecommendedListCollectionViewCell.swift */; };
		2791BD592D66ECBB00A6CB52 /* CategoryCollectionViewCell.swift in Sources */ = {isa = PBXBuildFile; fileRef = 2791BD582D66ECBB00A6CB52 /* CategoryCollectionViewCell.swift */; };
		2791BD5B2D66ECDA00A6CB52 /* RecommendedListTableViewCell.swift in Sources */ = {isa = PBXBuildFile; fileRef = 2791BD5A2D66ECDA00A6CB52 /* RecommendedListTableViewCell.swift */; };
		2791BD5D2D66ECFE00A6CB52 /* RecommendedBooksCollectionViewCell.swift in Sources */ = {isa = PBXBuildFile; fileRef = 2791BD5C2D66ECFE00A6CB52 /* RecommendedBooksCollectionViewCell.swift */; };
		2791BD5F2D67169000A6CB52 /* RentalRequestsProcessingViewController.swift in Sources */ = {isa = PBXBuildFile; fileRef = 2791BD5E2D67169000A6CB52 /* RentalRequestsProcessingViewController.swift */; };
		2791BD612D67687100A6CB52 /* CoreDataManager.swift in Sources */ = {isa = PBXBuildFile; fileRef = 2791BD602D67687100A6CB52 /* CoreDataManager.swift */; };
		2791BD642D676A6700A6CB52 /* CachedBook.xcdatamodeld in Sources */ = {isa = PBXBuildFile; fileRef = 2791BD622D676A6700A6CB52 /* CachedBook.xcdatamodeld */; };
		2791BD6F2D676CC400A6CB52 /* CachedBook+CoreDataClass.swift in Sources */ = {isa = PBXBuildFile; fileRef = 2791BD6D2D676CC400A6CB52 /* CachedBook+CoreDataClass.swift */; };
		2791BD702D676CC400A6CB52 /* CachedBook+CoreDataProperties.swift in Sources */ = {isa = PBXBuildFile; fileRef = 2791BD6E2D676CC400A6CB52 /* CachedBook+CoreDataProperties.swift */; };
		27EEB8862D79F4D600A867D3 /* BookCollectionViewCell.swift in Sources */ = {isa = PBXBuildFile; fileRef = 27EEB8852D79F4D600A867D3 /* BookCollectionViewCell.swift */; };
		27EEB88A2D7A0D2900A867D3 /* AddToLibraryViewController.swift in Sources */ = {isa = PBXBuildFile; fileRef = 27EEB8892D7A0D2900A867D3 /* AddToLibraryViewController.swift */; };
		27EEB88C2D7A0DE900A867D3 /* AllBooksViewController.swift in Sources */ = {isa = PBXBuildFile; fileRef = 27EEB88B2D7A0DE900A867D3 /* AllBooksViewController.swift */; };
		27EEB88E2D7A0E0200A867D3 /* CreateCollectionViewController.swift in Sources */ = {isa = PBXBuildFile; fileRef = 27EEB88D2D7A0E0200A867D3 /* CreateCollectionViewController.swift */; };
		27EEB8902D7A0E5000A867D3 /* CustomBookTableViewCell.swift in Sources */ = {isa = PBXBuildFile; fileRef = 27EEB88F2D7A0E5000A867D3 /* CustomBookTableViewCell.swift */; };
		27EEB8922D7A0E7700A867D3 /* CustomListViewController.swift in Sources */ = {isa = PBXBuildFile; fileRef = 27EEB8912D7A0E7700A867D3 /* CustomListViewController.swift */; };
		27EEB8942D7A0F5100A867D3 /* ReadingListViewController.swift in Sources */ = {isa = PBXBuildFile; fileRef = 27EEB8932D7A0F5100A867D3 /* ReadingListViewController.swift */; };
		27EEB8962D7A0F6900A867D3 /* ReadingListTableViewCell.swift in Sources */ = {isa = PBXBuildFile; fileRef = 27EEB8952D7A0F6900A867D3 /* ReadingListTableViewCell.swift */; };
		27EEB8982D7A0F8C00A867D3 /* StatusListViewController.swift in Sources */ = {isa = PBXBuildFile; fileRef = 27EEB8972D7A0F8C00A867D3 /* StatusListViewController.swift */; };
		27EEB89A2D7AA50F00A867D3 /* BookTableViewCell.swift in Sources */ = {isa = PBXBuildFile; fileRef = 27EEB8992D7AA50F00A867D3 /* BookTableViewCell.swift */; };
		27EEB89C2D7AC8C300A867D3 /* ProfileBookViewController.swift in Sources */ = {isa = PBXBuildFile; fileRef = 27EEB89B2D7AC8C300A867D3 /* ProfileBookViewController.swift */; };
		27EEB89E2D7ACD3000A867D3 /* RentBookViewController.swift in Sources */ = {isa = PBXBuildFile; fileRef = 27EEB89D2D7ACD3000A867D3 /* RentBookViewController.swift */; };
/* End PBXBuildFile section */

/* Begin PBXFileReference section */
		27244A1C2D7DE98300ADBBAA /* SwipeViewController.swift */ = {isa = PBXFileReference; lastKnownFileType = sourcecode.swift; path = SwipeViewController.swift; sourceTree = "<group>"; };
		27244A1E2D7DE99D00ADBBAA /* BookRecommendationSystem.mlmodel */ = {isa = PBXFileReference; lastKnownFileType = file.mlmodel; path = BookRecommendationSystem.mlmodel; sourceTree = "<group>"; };
		27244A202D7DF3F700ADBBAA /* BookRecommender.swift */ = {isa = PBXFileReference; lastKnownFileType = sourcecode.swift; path = BookRecommender.swift; sourceTree = "<group>"; };
		27244A222D7DF6E000ADBBAA /* ResultsViewController.swift */ = {isa = PBXFileReference; lastKnownFileType = sourcecode.swift; path = ResultsViewController.swift; sourceTree = "<group>"; };
		276D6D112D64649C0041317C /* Eclipse.app */ = {isa = PBXFileReference; explicitFileType = wrapper.application; includeInIndex = 0; path = Eclipse.app; sourceTree = BUILT_PRODUCTS_DIR; };
		276D6D142D64649C0041317C /* AppDelegate.swift */ = {isa = PBXFileReference; lastKnownFileType = sourcecode.swift; path = AppDelegate.swift; sourceTree = "<group>"; };
		276D6D162D64649C0041317C /* SceneDelegate.swift */ = {isa = PBXFileReference; lastKnownFileType = sourcecode.swift; path = SceneDelegate.swift; sourceTree = "<group>"; };
		276D6D182D64649C0041317C /* ViewController.swift */ = {isa = PBXFileReference; lastKnownFileType = sourcecode.swift; path = ViewController.swift; sourceTree = "<group>"; };
		276D6D1D2D64649D0041317C /* Assets.xcassets */ = {isa = PBXFileReference; lastKnownFileType = folder.assetcatalog; path = Assets.xcassets; sourceTree = "<group>"; };
		276D6D202D64649D0041317C /* Base */ = {isa = PBXFileReference; lastKnownFileType = file.storyboard; name = Base; path = Base.lproj/LaunchScreen.storyboard; sourceTree = "<group>"; };
		276D6D222D64649D0041317C /* Info.plist */ = {isa = PBXFileReference; lastKnownFileType = text.plist.xml; path = Info.plist; sourceTree = "<group>"; };
		276D6D282D646CD40041317C /* TabBarController.swift */ = {isa = PBXFileReference; lastKnownFileType = sourcecode.swift; path = TabBarController.swift; sourceTree = "<group>"; };
		276D6D2B2D646D020041317C /* HomeViewController.swift */ = {isa = PBXFileReference; lastKnownFileType = sourcecode.swift; path = HomeViewController.swift; sourceTree = "<group>"; };
		276D6D2D2D646D3F0041317C /* RentHomeViewController.swift */ = {isa = PBXFileReference; lastKnownFileType = sourcecode.swift; path = RentHomeViewController.swift; sourceTree = "<group>"; };
		276D6D2F2D646D600041317C /* LibraryViewController.swift */ = {isa = PBXFileReference; lastKnownFileType = sourcecode.swift; path = LibraryViewController.swift; sourceTree = "<group>"; };
		276D6D312D646D740041317C /* ProfileViewController.swift */ = {isa = PBXFileReference; lastKnownFileType = sourcecode.swift; path = ProfileViewController.swift; sourceTree = "<group>"; };
		276D6D362D646E590041317C /* SplashViewController.swift */ = {isa = PBXFileReference; lastKnownFileType = sourcecode.swift; path = SplashViewController.swift; sourceTree = "<group>"; };
		276D6D382D646E730041317C /* Color.swift */ = {isa = PBXFileReference; lastKnownFileType = sourcecode.swift; path = Color.swift; sourceTree = "<group>"; };
		276D6D3B2D6478D60041317C /* OnboardingViewController.swift */ = {isa = PBXFileReference; lastKnownFileType = sourcecode.swift; path = OnboardingViewController.swift; sourceTree = "<group>"; };
		276D6D3D2D648E070041317C /* BookListViewController.swift */ = {isa = PBXFileReference; lastKnownFileType = sourcecode.swift; path = BookListViewController.swift; sourceTree = "<group>"; };
		276D6D412D648E9E0041317C /* Books.swift */ = {isa = PBXFileReference; lastKnownFileType = sourcecode.swift; path = Books.swift; sourceTree = "<group>"; };
		276D6D572D64911B0041317C /* BookViewController.swift */ = {isa = PBXFileReference; lastKnownFileType = sourcecode.swift; path = BookViewController.swift; sourceTree = "<group>"; };
		276D6D5E2D6493630041317C /* DataModels.swift */ = {isa = PBXFileReference; lastKnownFileType = sourcecode.swift; path = DataModels.swift; sourceTree = "<group>"; };
		276D6D612D649BAC0041317C /* BooksCells.swift */ = {isa = PBXFileReference; lastKnownFileType = sourcecode.swift; path = BooksCells.swift; sourceTree = "<group>"; };
		276D6D682D649C2C0041317C /* RentersCell.swift */ = {isa = PBXFileReference; lastKnownFileType = sourcecode.swift; path = RentersCell.swift; sourceTree = "<group>"; };
		276D6D6A2D649D8C0041317C /* BookManagementViewController.swift */ = {isa = PBXFileReference; lastKnownFileType = sourcecode.swift; path = BookManagementViewController.swift; sourceTree = "<group>"; };
		276D6D6C2D649DAF0041317C /* RentBooksViewController.swift */ = {isa = PBXFileReference; lastKnownFileType = sourcecode.swift; path = RentBooksViewController.swift; sourceTree = "<group>"; };
		276D6D6E2D649DD10041317C /* BorrowedBooksViewController.swift */ = {isa = PBXFileReference; lastKnownFileType = sourcecode.swift; path = BorrowedBooksViewController.swift; sourceTree = "<group>"; };
		276D6D702D649DEB0041317C /* RentersProfileViewController.swift */ = {isa = PBXFileReference; lastKnownFileType = sourcecode.swift; path = RentersProfileViewController.swift; sourceTree = "<group>"; };
		276D6D722D649E1D0041317C /* BookCard.swift */ = {isa = PBXFileReference; lastKnownFileType = sourcecode.swift; path = BookCard.swift; sourceTree = "<group>"; };
		276D6D742D649E990041317C /* RentalRequestsViewController.swift */ = {isa = PBXFileReference; lastKnownFileType = sourcecode.swift; path = RentalRequestsViewController.swift; sourceTree = "<group>"; };
		276D6D762D649ECD0041317C /* ChatViewController.swift */ = {isa = PBXFileReference; lastKnownFileType = sourcecode.swift; path = ChatViewController.swift; sourceTree = "<group>"; };
		276D6D782D64A0080041317C /* RatingPopupView.swift */ = {isa = PBXFileReference; lastKnownFileType = sourcecode.swift; path = RatingPopupView.swift; sourceTree = "<group>"; };
		276D6D7A2D64A0360041317C /* RequestTableViewCell.swift */ = {isa = PBXFileReference; lastKnownFileType = sourcecode.swift; path = RequestTableViewCell.swift; sourceTree = "<group>"; };
		276D6D7C2D64A0AA0041317C /* MessageCell.swift */ = {isa = PBXFileReference; lastKnownFileType = sourcecode.swift; path = MessageCell.swift; sourceTree = "<group>"; };
		276D6D7E2D64B3B30041317C /* GoogleService-Info.plist */ = {isa = PBXFileReference; fileEncoding = 4; lastKnownFileType = text.plist.xml; path = "GoogleService-Info.plist"; sourceTree = "<group>"; };
		276D6D802D64DC7A0041317C /* EditProfileController.swift */ = {isa = PBXFileReference; lastKnownFileType = sourcecode.swift; path = EditProfileController.swift; sourceTree = "<group>"; };
		276D6D822D64DCA40041317C /* BookSupportViewController.swift */ = {isa = PBXFileReference; lastKnownFileType = sourcecode.swift; path = BookSupportViewController.swift; sourceTree = "<group>"; };
		276D6D842D64DCE20041317C /* SearchViewController.swift */ = {isa = PBXFileReference; lastKnownFileType = sourcecode.swift; path = SearchViewController.swift; sourceTree = "<group>"; };
		276D6D872D64E1920041317C /* BookCell.swift */ = {isa = PBXFileReference; lastKnownFileType = sourcecode.swift; path = BookCell.swift; sourceTree = "<group>"; };
		276D6D8A2D64E9850041317C /* LoginViewController.swift */ = {isa = PBXFileReference; lastKnownFileType = sourcecode.swift; path = LoginViewController.swift; sourceTree = "<group>"; };
		276D6D8C2D64E99A0041317C /* CreateAccountViewController.swift */ = {isa = PBXFileReference; lastKnownFileType = sourcecode.swift; path = CreateAccountViewController.swift; sourceTree = "<group>"; };
		276D6D8E2D64E9DC0041317C /* GenrePrefrencesViewController.swift */ = {isa = PBXFileReference; lastKnownFileType = sourcecode.swift; path = GenrePrefrencesViewController.swift; sourceTree = "<group>"; };
		276D6D902D64E9F30041317C /* AuthorPrefrencesViewController.swift */ = {isa = PBXFileReference; lastKnownFileType = sourcecode.swift; path = AuthorPrefrencesViewController.swift; sourceTree = "<group>"; };
		2791BD552D66EC7500A6CB52 /* RecommendedListCollectionViewCell.swift */ = {isa = PBXFileReference; lastKnownFileType = sourcecode.swift; path = RecommendedListCollectionViewCell.swift; sourceTree = "<group>"; };
		2791BD582D66ECBB00A6CB52 /* CategoryCollectionViewCell.swift */ = {isa = PBXFileReference; lastKnownFileType = sourcecode.swift; path = CategoryCollectionViewCell.swift; sourceTree = "<group>"; };
		2791BD5A2D66ECDA00A6CB52 /* RecommendedListTableViewCell.swift */ = {isa = PBXFileReference; lastKnownFileType = sourcecode.swift; path = RecommendedListTableViewCell.swift; sourceTree = "<group>"; };
		2791BD5C2D66ECFE00A6CB52 /* RecommendedBooksCollectionViewCell.swift */ = {isa = PBXFileReference; lastKnownFileType = sourcecode.swift; path = RecommendedBooksCollectionViewCell.swift; sourceTree = "<group>"; };
		2791BD5E2D67169000A6CB52 /* RentalRequestsProcessingViewController.swift */ = {isa = PBXFileReference; lastKnownFileType = sourcecode.swift; path = RentalRequestsProcessingViewController.swift; sourceTree = "<group>"; };
		2791BD602D67687100A6CB52 /* CoreDataManager.swift */ = {isa = PBXFileReference; lastKnownFileType = sourcecode.swift; path = CoreDataManager.swift; sourceTree = "<group>"; };
		2791BD632D676A6700A6CB52 /* CachedBook.xcdatamodel */ = {isa = PBXFileReference; lastKnownFileType = wrapper.xcdatamodel; path = CachedBook.xcdatamodel; sourceTree = "<group>"; };
		2791BD6D2D676CC400A6CB52 /* CachedBook+CoreDataClass.swift */ = {isa = PBXFileReference; lastKnownFileType = sourcecode.swift; name = "CachedBook+CoreDataClass.swift"; path = "../CachedBook+CoreDataClass.swift"; sourceTree = "<group>"; };
		2791BD6E2D676CC400A6CB52 /* CachedBook+CoreDataProperties.swift */ = {isa = PBXFileReference; lastKnownFileType = sourcecode.swift; name = "CachedBook+CoreDataProperties.swift"; path = "../CachedBook+CoreDataProperties.swift"; sourceTree = "<group>"; };
		27EEB8852D79F4D600A867D3 /* BookCollectionViewCell.swift */ = {isa = PBXFileReference; lastKnownFileType = sourcecode.swift; path = BookCollectionViewCell.swift; sourceTree = "<group>"; };
		27EEB8892D7A0D2900A867D3 /* AddToLibraryViewController.swift */ = {isa = PBXFileReference; lastKnownFileType = sourcecode.swift; path = AddToLibraryViewController.swift; sourceTree = "<group>"; };
		27EEB88B2D7A0DE900A867D3 /* AllBooksViewController.swift */ = {isa = PBXFileReference; lastKnownFileType = sourcecode.swift; path = AllBooksViewController.swift; sourceTree = "<group>"; };
		27EEB88D2D7A0E0200A867D3 /* CreateCollectionViewController.swift */ = {isa = PBXFileReference; lastKnownFileType = sourcecode.swift; path = CreateCollectionViewController.swift; sourceTree = "<group>"; };
		27EEB88F2D7A0E5000A867D3 /* CustomBookTableViewCell.swift */ = {isa = PBXFileReference; lastKnownFileType = sourcecode.swift; path = CustomBookTableViewCell.swift; sourceTree = "<group>"; };
		27EEB8912D7A0E7700A867D3 /* CustomListViewController.swift */ = {isa = PBXFileReference; lastKnownFileType = sourcecode.swift; path = CustomListViewController.swift; sourceTree = "<group>"; };
		27EEB8932D7A0F5100A867D3 /* ReadingListViewController.swift */ = {isa = PBXFileReference; lastKnownFileType = sourcecode.swift; path = ReadingListViewController.swift; sourceTree = "<group>"; };
		27EEB8952D7A0F6900A867D3 /* ReadingListTableViewCell.swift */ = {isa = PBXFileReference; lastKnownFileType = sourcecode.swift; path = ReadingListTableViewCell.swift; sourceTree = "<group>"; };
		27EEB8972D7A0F8C00A867D3 /* StatusListViewController.swift */ = {isa = PBXFileReference; lastKnownFileType = sourcecode.swift; path = StatusListViewController.swift; sourceTree = "<group>"; };
		27EEB8992D7AA50F00A867D3 /* BookTableViewCell.swift */ = {isa = PBXFileReference; lastKnownFileType = sourcecode.swift; path = BookTableViewCell.swift; sourceTree = "<group>"; };
		27EEB89B2D7AC8C300A867D3 /* ProfileBookViewController.swift */ = {isa = PBXFileReference; lastKnownFileType = sourcecode.swift; path = ProfileBookViewController.swift; sourceTree = "<group>"; };
		27EEB89D2D7ACD3000A867D3 /* RentBookViewController.swift */ = {isa = PBXFileReference; lastKnownFileType = sourcecode.swift; path = RentBookViewController.swift; sourceTree = "<group>"; };
/* End PBXFileReference section */

/* Begin PBXFrameworksBuildPhase section */
		276D6D0E2D64649C0041317C /* Frameworks */ = {
			isa = PBXFrameworksBuildPhase;
			buildActionMask = 2147483647;
			files = (
				276D6D4D2D6490380041317C /* FirebaseAppCheck in Frameworks */,
				276D6D472D6490380041317C /* FirebaseAnalytics in Frameworks */,
				276D6D4F2D6490380041317C /* FirebaseAppDistribution-Beta in Frameworks */,
				276D6D4B2D6490380041317C /* FirebaseAnalyticsWithoutAdIdSupport in Frameworks */,
				276D6D522D6490910041317C /* FirebaseCore in Frameworks */,
				276D6D562D64909B0041317C /* FirebaseFirestore in Frameworks */,
				276D6D672D649C0A0041317C /* SDWebImageMapKit in Frameworks */,
				276D6D652D649C0A0041317C /* SDWebImage in Frameworks */,
				276D6D542D6490970041317C /* FirebaseAuth in Frameworks */,
				276D6D492D6490380041317C /* FirebaseAnalyticsOnDeviceConversion in Frameworks */,
			);
			runOnlyForDeploymentPostprocessing = 0;
		};
/* End PBXFrameworksBuildPhase section */

/* Begin PBXGroup section */
		276D6D082D64649C0041317C = {
			isa = PBXGroup;
			children = (
				276D6D132D64649C0041317C /* Eclipse */,
				276D6D122D64649C0041317C /* Products */,
				276D6D502D6490910041317C /* Frameworks */,
			);
			sourceTree = "<group>";
		};
		276D6D122D64649C0041317C /* Products */ = {
			isa = PBXGroup;
			children = (
				276D6D112D64649C0041317C /* Eclipse.app */,
			);
			name = Products;
			sourceTree = "<group>";
		};
		276D6D132D64649C0041317C /* Eclipse */ = {
			isa = PBXGroup;
			children = (
				27244A1E2D7DE99D00ADBBAA /* BookRecommendationSystem.mlmodel */,
				276D6D7E2D64B3B30041317C /* GoogleService-Info.plist */,
				276D6D5B2D64933A0041317C /* Models */,
				276D6D3A2D646E810041317C /* Helpers */,
				276D6D2A2D646CF00041317C /* Home */,
				276D6D352D646D970041317C /* Rent */,
				276D6D342D646D900041317C /* Library */,
				276D6D332D646D880041317C /* Profile */,
				276D6D282D646CD40041317C /* TabBarController.swift */,
				276D6D362D646E590041317C /* SplashViewController.swift */,
				276D6D3B2D6478D60041317C /* OnboardingViewController.swift */,
				276D6D892D64E9690041317C /* Auth */,
				276D6D142D64649C0041317C /* AppDelegate.swift */,
				276D6D162D64649C0041317C /* SceneDelegate.swift */,
				276D6D182D64649C0041317C /* ViewController.swift */,
				276D6D1F2D64649D0041317C /* LaunchScreen.storyboard */,
				276D6D222D64649D0041317C /* Info.plist */,
				276D6D1D2D64649D0041317C /* Assets.xcassets */,
				2791BD6D2D676CC400A6CB52 /* CachedBook+CoreDataClass.swift */,
				2791BD6E2D676CC400A6CB52 /* CachedBook+CoreDataProperties.swift */,
				2791BD622D676A6700A6CB52 /* CachedBook.xcdatamodeld */,
			);
			path = Eclipse;
			sourceTree = "<group>";
		};
		276D6D2A2D646CF00041317C /* Home */ = {
			isa = PBXGroup;
			children = (
				2791BD572D66EC7C00A6CB52 /* ViewCells */,
				276D6D2B2D646D020041317C /* HomeViewController.swift */,
				276D6D572D64911B0041317C /* BookViewController.swift */,
				276D6D3D2D648E070041317C /* BookListViewController.swift */,
				27244A1C2D7DE98300ADBBAA /* SwipeViewController.swift */,
				27244A222D7DF6E000ADBBAA /* ResultsViewController.swift */,
			);
			path = Home;
			sourceTree = "<group>";
		};
		276D6D332D646D880041317C /* Profile */ = {
			isa = PBXGroup;
			children = (
				276D6D862D64E1770041317C /* ViewCells */,
				276D6D312D646D740041317C /* ProfileViewController.swift */,
				276D6D802D64DC7A0041317C /* EditProfileController.swift */,
				276D6D822D64DCA40041317C /* BookSupportViewController.swift */,
				276D6D842D64DCE20041317C /* SearchViewController.swift */,
				27EEB89B2D7AC8C300A867D3 /* ProfileBookViewController.swift */,
			);
			path = Profile;
			sourceTree = "<group>";
		};
		276D6D342D646D900041317C /* Library */ = {
			isa = PBXGroup;
			children = (
				276D6D982D65C21C0041317C /* ViewCells */,
				276D6D2F2D646D600041317C /* LibraryViewController.swift */,
				27EEB8892D7A0D2900A867D3 /* AddToLibraryViewController.swift */,
				27EEB88B2D7A0DE900A867D3 /* AllBooksViewController.swift */,
				27EEB88D2D7A0E0200A867D3 /* CreateCollectionViewController.swift */,
				27EEB8912D7A0E7700A867D3 /* CustomListViewController.swift */,
				27EEB8932D7A0F5100A867D3 /* ReadingListViewController.swift */,
				27EEB8972D7A0F8C00A867D3 /* StatusListViewController.swift */,
			);
			path = Library;
			sourceTree = "<group>";
		};
		276D6D352D646D970041317C /* Rent */ = {
			isa = PBXGroup;
			children = (
				276D6D602D649B8B0041317C /* ViewCells */,
				276D6D2D2D646D3F0041317C /* RentHomeViewController.swift */,
				276D6D6A2D649D8C0041317C /* BookManagementViewController.swift */,
				276D6D6C2D649DAF0041317C /* RentBooksViewController.swift */,
				276D6D6E2D649DD10041317C /* BorrowedBooksViewController.swift */,
				276D6D742D649E990041317C /* RentalRequestsViewController.swift */,
				2791BD5E2D67169000A6CB52 /* RentalRequestsProcessingViewController.swift */,
				276D6D702D649DEB0041317C /* RentersProfileViewController.swift */,
				276D6D762D649ECD0041317C /* ChatViewController.swift */,
				276D6D782D64A0080041317C /* RatingPopupView.swift */,
				27EEB89D2D7ACD3000A867D3 /* RentBookViewController.swift */,
			);
			path = Rent;
			sourceTree = "<group>";
		};
		276D6D3A2D646E810041317C /* Helpers */ = {
			isa = PBXGroup;
			children = (
				276D6D382D646E730041317C /* Color.swift */,
				276D6D412D648E9E0041317C /* Books.swift */,
				2791BD602D67687100A6CB52 /* CoreDataManager.swift */,
				27244A202D7DF3F700ADBBAA /* BookRecommender.swift */,
			);
			path = Helpers;
			sourceTree = "<group>";
		};
		276D6D502D6490910041317C /* Frameworks */ = {
			isa = PBXGroup;
			children = (
			);
			name = Frameworks;
			sourceTree = "<group>";
		};
		276D6D5B2D64933A0041317C /* Models */ = {
			isa = PBXGroup;
			children = (
				276D6D5E2D6493630041317C /* DataModels.swift */,
			);
			path = Models;
			sourceTree = "<group>";
		};
		276D6D602D649B8B0041317C /* ViewCells */ = {
			isa = PBXGroup;
			children = (
				276D6D612D649BAC0041317C /* BooksCells.swift */,
				276D6D682D649C2C0041317C /* RentersCell.swift */,
				276D6D722D649E1D0041317C /* BookCard.swift */,
				276D6D7A2D64A0360041317C /* RequestTableViewCell.swift */,
				276D6D7C2D64A0AA0041317C /* MessageCell.swift */,
			);
			path = ViewCells;
			sourceTree = "<group>";
		};
		276D6D862D64E1770041317C /* ViewCells */ = {
			isa = PBXGroup;
			children = (
				276D6D872D64E1920041317C /* BookCell.swift */,
			);
			path = ViewCells;
			sourceTree = "<group>";
		};
		276D6D892D64E9690041317C /* Auth */ = {
			isa = PBXGroup;
			children = (
				276D6D8A2D64E9850041317C /* LoginViewController.swift */,
				276D6D8C2D64E99A0041317C /* CreateAccountViewController.swift */,
				276D6D8E2D64E9DC0041317C /* GenrePrefrencesViewController.swift */,
				276D6D902D64E9F30041317C /* AuthorPrefrencesViewController.swift */,
			);
			path = Auth;
			sourceTree = "<group>";
		};
		276D6D982D65C21C0041317C /* ViewCells */ = {
			isa = PBXGroup;
			children = (
				27EEB8852D79F4D600A867D3 /* BookCollectionViewCell.swift */,
				27EEB88F2D7A0E5000A867D3 /* CustomBookTableViewCell.swift */,
				27EEB8952D7A0F6900A867D3 /* ReadingListTableViewCell.swift */,
				27EEB8992D7AA50F00A867D3 /* BookTableViewCell.swift */,
			);
			path = ViewCells;
			sourceTree = "<group>";
		};
		2791BD572D66EC7C00A6CB52 /* ViewCells */ = {
			isa = PBXGroup;
			children = (
				2791BD552D66EC7500A6CB52 /* RecommendedListCollectionViewCell.swift */,
				2791BD582D66ECBB00A6CB52 /* CategoryCollectionViewCell.swift */,
				2791BD5A2D66ECDA00A6CB52 /* RecommendedListTableViewCell.swift */,
				2791BD5C2D66ECFE00A6CB52 /* RecommendedBooksCollectionViewCell.swift */,
			);
			path = ViewCells;
			sourceTree = "<group>";
		};
/* End PBXGroup section */

/* Begin PBXNativeTarget section */
		276D6D102D64649C0041317C /* Eclipse */ = {
			isa = PBXNativeTarget;
			buildConfigurationList = 276D6D252D64649D0041317C /* Build configuration list for PBXNativeTarget "Eclipse" */;
			buildPhases = (
				276D6D0D2D64649C0041317C /* Sources */,
				276D6D0E2D64649C0041317C /* Frameworks */,
				276D6D0F2D64649C0041317C /* Resources */,
			);
			buildRules = (
			);
			dependencies = (
			);
			name = Eclipse;
			packageProductDependencies = (
				276D6D462D6490380041317C /* FirebaseAnalytics */,
				276D6D482D6490380041317C /* FirebaseAnalyticsOnDeviceConversion */,
				276D6D4A2D6490380041317C /* FirebaseAnalyticsWithoutAdIdSupport */,
				276D6D4C2D6490380041317C /* FirebaseAppCheck */,
				276D6D4E2D6490380041317C /* FirebaseAppDistribution-Beta */,
				276D6D512D6490910041317C /* FirebaseCore */,
				276D6D532D6490970041317C /* FirebaseAuth */,
				276D6D552D64909B0041317C /* FirebaseFirestore */,
				276D6D642D649C0A0041317C /* SDWebImage */,
				276D6D662D649C0A0041317C /* SDWebImageMapKit */,
			);
			productName = Eclipse;
			productReference = 276D6D112D64649C0041317C /* Eclipse.app */;
			productType = "com.apple.product-type.application";
		};
/* End PBXNativeTarget section */

/* Begin PBXProject section */
		276D6D092D64649C0041317C /* Project object */ = {
			isa = PBXProject;
			attributes = {
				BuildIndependentTargetsInParallel = 1;
				LastSwiftUpdateCheck = 1540;
				LastUpgradeCheck = 1540;
				TargetAttributes = {
					276D6D102D64649C0041317C = {
						CreatedOnToolsVersion = 15.4;
					};
				};
			};
			buildConfigurationList = 276D6D0C2D64649C0041317C /* Build configuration list for PBXProject "Eclipse" */;
			compatibilityVersion = "Xcode 14.0";
			developmentRegion = en;
			hasScannedForEncodings = 0;
			knownRegions = (
				en,
				Base,
			);
			mainGroup = 276D6D082D64649C0041317C;
			packageReferences = (
				276D6D452D6490380041317C /* XCRemoteSwiftPackageReference "firebase-ios-sdk" */,
				276D6D632D649C0A0041317C /* XCRemoteSwiftPackageReference "SDWebImage" */,
			);
			productRefGroup = 276D6D122D64649C0041317C /* Products */;
			projectDirPath = "";
			projectRoot = "";
			targets = (
				276D6D102D64649C0041317C /* Eclipse */,
			);
		};
/* End PBXProject section */

/* Begin PBXResourcesBuildPhase section */
		276D6D0F2D64649C0041317C /* Resources */ = {
			isa = PBXResourcesBuildPhase;
			buildActionMask = 2147483647;
			files = (
				276D6D1E2D64649D0041317C /* Assets.xcassets in Resources */,
				276D6D212D64649D0041317C /* Base in Resources */,
				276D6D7F2D64B3B30041317C /* GoogleService-Info.plist in Resources */,
			);
			runOnlyForDeploymentPostprocessing = 0;
		};
/* End PBXResourcesBuildPhase section */

/* Begin PBXSourcesBuildPhase section */
		276D6D0D2D64649C0041317C /* Sources */ = {
			isa = PBXSourcesBuildPhase;
			buildActionMask = 2147483647;
			files = (
				27EEB8922D7A0E7700A867D3 /* CustomListViewController.swift in Sources */,
				276D6D6F2D649DD10041317C /* BorrowedBooksViewController.swift in Sources */,
				276D6D2C2D646D020041317C /* HomeViewController.swift in Sources */,
				27EEB89A2D7AA50F00A867D3 /* BookTableViewCell.swift in Sources */,
				27244A1F2D7DE99D00ADBBAA /* BookRecommendationSystem.mlmodel in Sources */,
				276D6D192D64649C0041317C /* ViewController.swift in Sources */,
				276D6D2E2D646D3F0041317C /* RentHomeViewController.swift in Sources */,
				276D6D392D646E730041317C /* Color.swift in Sources */,
				27EEB8982D7A0F8C00A867D3 /* StatusListViewController.swift in Sources */,
				27244A212D7DF3F700ADBBAA /* BookRecommender.swift in Sources */,
				276D6D372D646E590041317C /* SplashViewController.swift in Sources */,
				276D6D3E2D648E070041317C /* BookListViewController.swift in Sources */,
				276D6D852D64DCE20041317C /* SearchViewController.swift in Sources */,
				276D6D292D646CD40041317C /* TabBarController.swift in Sources */,
				276D6D302D646D600041317C /* LibraryViewController.swift in Sources */,
				27EEB89E2D7ACD3000A867D3 /* RentBookViewController.swift in Sources */,
				2791BD5F2D67169000A6CB52 /* RentalRequestsProcessingViewController.swift in Sources */,
				2791BD562D66EC7500A6CB52 /* RecommendedListCollectionViewCell.swift in Sources */,
				276D6D152D64649C0041317C /* AppDelegate.swift in Sources */,
				27EEB88C2D7A0DE900A867D3 /* AllBooksViewController.swift in Sources */,
				27EEB88A2D7A0D2900A867D3 /* AddToLibraryViewController.swift in Sources */,
				276D6D5F2D6493630041317C /* DataModels.swift in Sources */,
				276D6D322D646D740041317C /* ProfileViewController.swift in Sources */,
				27244A232D7DF6E000ADBBAA /* ResultsViewController.swift in Sources */,
				2791BD592D66ECBB00A6CB52 /* CategoryCollectionViewCell.swift in Sources */,
				2791BD612D67687100A6CB52 /* CoreDataManager.swift in Sources */,
				276D6D692D649C2C0041317C /* RentersCell.swift in Sources */,
				276D6D7D2D64A0AA0041317C /* MessageCell.swift in Sources */,
				276D6D422D648E9E0041317C /* Books.swift in Sources */,
				27EEB88E2D7A0E0200A867D3 /* CreateCollectionViewController.swift in Sources */,
				276D6D832D64DCA40041317C /* BookSupportViewController.swift in Sources */,
				276D6D792D64A0080041317C /* RatingPopupView.swift in Sources */,
				276D6D6B2D649D8C0041317C /* BookManagementViewController.swift in Sources */,
				2791BD6F2D676CC400A6CB52 /* CachedBook+CoreDataClass.swift in Sources */,
				2791BD702D676CC400A6CB52 /* CachedBook+CoreDataProperties.swift in Sources */,
				276D6D6D2D649DAF0041317C /* RentBooksViewController.swift in Sources */,
				27EEB8902D7A0E5000A867D3 /* CustomBookTableViewCell.swift in Sources */,
				2791BD5D2D66ECFE00A6CB52 /* RecommendedBooksCollectionViewCell.swift in Sources */,
				276D6D882D64E1920041317C /* BookCell.swift in Sources */,
				276D6D8B2D64E9850041317C /* LoginViewController.swift in Sources */,
				27EEB89C2D7AC8C300A867D3 /* ProfileBookViewController.swift in Sources */,
				27EEB8942D7A0F5100A867D3 /* ReadingListViewController.swift in Sources */,
				2791BD642D676A6700A6CB52 /* CachedBook.xcdatamodeld in Sources */,
				276D6D582D64911B0041317C /* BookViewController.swift in Sources */,
				276D6D8D2D64E99A0041317C /* CreateAccountViewController.swift in Sources */,
				276D6D772D649ECD0041317C /* ChatViewController.swift in Sources */,
				27EEB8862D79F4D600A867D3 /* BookCollectionViewCell.swift in Sources */,
				276D6D912D64E9F30041317C /* AuthorPrefrencesViewController.swift in Sources */,
				276D6D712D649DEB0041317C /* RentersProfileViewController.swift in Sources */,
				276D6D3C2D6478D60041317C /* OnboardingViewController.swift in Sources */,
				27EEB8962D7A0F6900A867D3 /* ReadingListTableViewCell.swift in Sources */,
				2791BD5B2D66ECDA00A6CB52 /* RecommendedListTableViewCell.swift in Sources */,
				276D6D732D649E1D0041317C /* BookCard.swift in Sources */,
				27244A1D2D7DE98300ADBBAA /* SwipeViewController.swift in Sources */,
				276D6D812D64DC7A0041317C /* EditProfileController.swift in Sources */,
				276D6D7B2D64A0360041317C /* RequestTableViewCell.swift in Sources */,
				276D6D8F2D64E9DC0041317C /* GenrePrefrencesViewController.swift in Sources */,
				276D6D172D64649C0041317C /* SceneDelegate.swift in Sources */,
				276D6D752D649E990041317C /* RentalRequestsViewController.swift in Sources */,
				276D6D622D649BAC0041317C /* BooksCells.swift in Sources */,
			);
			runOnlyForDeploymentPostprocessing = 0;
		};
/* End PBXSourcesBuildPhase section */

/* Begin PBXVariantGroup section */
		276D6D1F2D64649D0041317C /* LaunchScreen.storyboard */ = {
			isa = PBXVariantGroup;
			children = (
				276D6D202D64649D0041317C /* Base */,
			);
			name = LaunchScreen.storyboard;
			sourceTree = "<group>";
		};
/* End PBXVariantGroup section */

/* Begin XCBuildConfiguration section */
		276D6D232D64649D0041317C /* Debug */ = {
			isa = XCBuildConfiguration;
			buildSettings = {
				ALWAYS_SEARCH_USER_PATHS = NO;
				ASSETCATALOG_COMPILER_GENERATE_SWIFT_ASSET_SYMBOL_EXTENSIONS = YES;
				CLANG_ANALYZER_NONNULL = YES;
				CLANG_ANALYZER_NUMBER_OBJECT_CONVERSION = YES_AGGRESSIVE;
				CLANG_CXX_LANGUAGE_STANDARD = "gnu++20";
				CLANG_ENABLE_MODULES = YES;
				CLANG_ENABLE_OBJC_ARC = YES;
				CLANG_ENABLE_OBJC_WEAK = YES;
				CLANG_WARN_BLOCK_CAPTURE_AUTORELEASING = YES;
				CLANG_WARN_BOOL_CONVERSION = YES;
				CLANG_WARN_COMMA = YES;
				CLANG_WARN_CONSTANT_CONVERSION = YES;
				CLANG_WARN_DEPRECATED_OBJC_IMPLEMENTATIONS = YES;
				CLANG_WARN_DIRECT_OBJC_ISA_USAGE = YES_ERROR;
				CLANG_WARN_DOCUMENTATION_COMMENTS = YES;
				CLANG_WARN_EMPTY_BODY = YES;
				CLANG_WARN_ENUM_CONVERSION = YES;
				CLANG_WARN_INFINITE_RECURSION = YES;
				CLANG_WARN_INT_CONVERSION = YES;
				CLANG_WARN_NON_LITERAL_NULL_CONVERSION = YES;
				CLANG_WARN_OBJC_IMPLICIT_RETAIN_SELF = YES;
				CLANG_WARN_OBJC_LITERAL_CONVERSION = YES;
				CLANG_WARN_OBJC_ROOT_CLASS = YES_ERROR;
				CLANG_WARN_QUOTED_INCLUDE_IN_FRAMEWORK_HEADER = YES;
				CLANG_WARN_RANGE_LOOP_ANALYSIS = YES;
				CLANG_WARN_STRICT_PROTOTYPES = YES;
				CLANG_WARN_SUSPICIOUS_MOVE = YES;
				CLANG_WARN_UNGUARDED_AVAILABILITY = YES_AGGRESSIVE;
				CLANG_WARN_UNREACHABLE_CODE = YES;
				CLANG_WARN__DUPLICATE_METHOD_MATCH = YES;
				COPY_PHASE_STRIP = NO;
				DEBUG_INFORMATION_FORMAT = dwarf;
				ENABLE_STRICT_OBJC_MSGSEND = YES;
				ENABLE_TESTABILITY = YES;
				ENABLE_USER_SCRIPT_SANDBOXING = YES;
				GCC_C_LANGUAGE_STANDARD = gnu17;
				GCC_DYNAMIC_NO_PIC = NO;
				GCC_NO_COMMON_BLOCKS = YES;
				GCC_OPTIMIZATION_LEVEL = 0;
				GCC_PREPROCESSOR_DEFINITIONS = (
					"DEBUG=1",
					"$(inherited)",
				);
				GCC_WARN_64_TO_32_BIT_CONVERSION = YES;
				GCC_WARN_ABOUT_RETURN_TYPE = YES_ERROR;
				GCC_WARN_UNDECLARED_SELECTOR = YES;
				GCC_WARN_UNINITIALIZED_AUTOS = YES_AGGRESSIVE;
				GCC_WARN_UNUSED_FUNCTION = YES;
				GCC_WARN_UNUSED_VARIABLE = YES;
				IPHONEOS_DEPLOYMENT_TARGET = 17.5;
				LOCALIZATION_PREFERS_STRING_CATALOGS = YES;
				MTL_ENABLE_DEBUG_INFO = INCLUDE_SOURCE;
				MTL_FAST_MATH = YES;
				ONLY_ACTIVE_ARCH = YES;
				SDKROOT = iphoneos;
				SWIFT_ACTIVE_COMPILATION_CONDITIONS = "DEBUG $(inherited)";
				SWIFT_OPTIMIZATION_LEVEL = "-Onone";
			};
			name = Debug;
		};
		276D6D242D64649D0041317C /* Release */ = {
			isa = XCBuildConfiguration;
			buildSettings = {
				ALWAYS_SEARCH_USER_PATHS = NO;
				ASSETCATALOG_COMPILER_GENERATE_SWIFT_ASSET_SYMBOL_EXTENSIONS = YES;
				CLANG_ANALYZER_NONNULL = YES;
				CLANG_ANALYZER_NUMBER_OBJECT_CONVERSION = YES_AGGRESSIVE;
				CLANG_CXX_LANGUAGE_STANDARD = "gnu++20";
				CLANG_ENABLE_MODULES = YES;
				CLANG_ENABLE_OBJC_ARC = YES;
				CLANG_ENABLE_OBJC_WEAK = YES;
				CLANG_WARN_BLOCK_CAPTURE_AUTORELEASING = YES;
				CLANG_WARN_BOOL_CONVERSION = YES;
				CLANG_WARN_COMMA = YES;
				CLANG_WARN_CONSTANT_CONVERSION = YES;
				CLANG_WARN_DEPRECATED_OBJC_IMPLEMENTATIONS = YES;
				CLANG_WARN_DIRECT_OBJC_ISA_USAGE = YES_ERROR;
				CLANG_WARN_DOCUMENTATION_COMMENTS = YES;
				CLANG_WARN_EMPTY_BODY = YES;
				CLANG_WARN_ENUM_CONVERSION = YES;
				CLANG_WARN_INFINITE_RECURSION = YES;
				CLANG_WARN_INT_CONVERSION = YES;
				CLANG_WARN_NON_LITERAL_NULL_CONVERSION = YES;
				CLANG_WARN_OBJC_IMPLICIT_RETAIN_SELF = YES;
				CLANG_WARN_OBJC_LITERAL_CONVERSION = YES;
				CLANG_WARN_OBJC_ROOT_CLASS = YES_ERROR;
				CLANG_WARN_QUOTED_INCLUDE_IN_FRAMEWORK_HEADER = YES;
				CLANG_WARN_RANGE_LOOP_ANALYSIS = YES;
				CLANG_WARN_STRICT_PROTOTYPES = YES;
				CLANG_WARN_SUSPICIOUS_MOVE = YES;
				CLANG_WARN_UNGUARDED_AVAILABILITY = YES_AGGRESSIVE;
				CLANG_WARN_UNREACHABLE_CODE = YES;
				CLANG_WARN__DUPLICATE_METHOD_MATCH = YES;
				COPY_PHASE_STRIP = NO;
				DEBUG_INFORMATION_FORMAT = "dwarf-with-dsym";
				ENABLE_NS_ASSERTIONS = NO;
				ENABLE_STRICT_OBJC_MSGSEND = YES;
				ENABLE_USER_SCRIPT_SANDBOXING = YES;
				GCC_C_LANGUAGE_STANDARD = gnu17;
				GCC_NO_COMMON_BLOCKS = YES;
				GCC_WARN_64_TO_32_BIT_CONVERSION = YES;
				GCC_WARN_ABOUT_RETURN_TYPE = YES_ERROR;
				GCC_WARN_UNDECLARED_SELECTOR = YES;
				GCC_WARN_UNINITIALIZED_AUTOS = YES_AGGRESSIVE;
				GCC_WARN_UNUSED_FUNCTION = YES;
				GCC_WARN_UNUSED_VARIABLE = YES;
				IPHONEOS_DEPLOYMENT_TARGET = 17.5;
				LOCALIZATION_PREFERS_STRING_CATALOGS = YES;
				MTL_ENABLE_DEBUG_INFO = NO;
				MTL_FAST_MATH = YES;
				SDKROOT = iphoneos;
				SWIFT_COMPILATION_MODE = wholemodule;
				VALIDATE_PRODUCT = YES;
			};
			name = Release;
		};
		276D6D262D64649D0041317C /* Debug */ = {
			isa = XCBuildConfiguration;
			buildSettings = {
				ASSETCATALOG_COMPILER_APPICON_NAME = AppIcon;
				ASSETCATALOG_COMPILER_GLOBAL_ACCENT_COLOR_NAME = AccentColor;
				CODE_SIGN_STYLE = Automatic;
				CURRENT_PROJECT_VERSION = 1;
				GENERATE_INFOPLIST_FILE = YES;
				INFOPLIST_FILE = Eclipse/Info.plist;
				INFOPLIST_KEY_UIApplicationSupportsIndirectInputEvents = YES;
				INFOPLIST_KEY_UILaunchStoryboardName = LaunchScreen;
				INFOPLIST_KEY_UISupportedInterfaceOrientations_iPad = "UIInterfaceOrientationPortrait UIInterfaceOrientationPortraitUpsideDown UIInterfaceOrientationLandscapeLeft UIInterfaceOrientationLandscapeRight";
				INFOPLIST_KEY_UISupportedInterfaceOrientations_iPhone = "UIInterfaceOrientationPortrait UIInterfaceOrientationLandscapeLeft UIInterfaceOrientationLandscapeRight";
				LD_RUNPATH_SEARCH_PATHS = (
					"$(inherited)",
					"@executable_path/Frameworks",
				);
				MARKETING_VERSION = 1.0;
				PRODUCT_BUNDLE_IDENTIFIER = com.example.Eclipse;
				PRODUCT_NAME = "$(TARGET_NAME)";
				SWIFT_EMIT_LOC_STRINGS = YES;
				SWIFT_VERSION = 5.0;
				TARGETED_DEVICE_FAMILY = "1,2";
			};
			name = Debug;
		};
		276D6D272D64649D0041317C /* Release */ = {
			isa = XCBuildConfiguration;
			buildSettings = {
				ASSETCATALOG_COMPILER_APPICON_NAME = AppIcon;
				ASSETCATALOG_COMPILER_GLOBAL_ACCENT_COLOR_NAME = AccentColor;
				CODE_SIGN_STYLE = Automatic;
				CURRENT_PROJECT_VERSION = 1;
				GENERATE_INFOPLIST_FILE = YES;
				INFOPLIST_FILE = Eclipse/Info.plist;
				INFOPLIST_KEY_UIApplicationSupportsIndirectInputEvents = YES;
				INFOPLIST_KEY_UILaunchStoryboardName = LaunchScreen;
				INFOPLIST_KEY_UISupportedInterfaceOrientations_iPad = "UIInterfaceOrientationPortrait UIInterfaceOrientationPortraitUpsideDown UIInterfaceOrientationLandscapeLeft UIInterfaceOrientationLandscapeRight";
				INFOPLIST_KEY_UISupportedInterfaceOrientations_iPhone = "UIInterfaceOrientationPortrait UIInterfaceOrientationLandscapeLeft UIInterfaceOrientationLandscapeRight";
				LD_RUNPATH_SEARCH_PATHS = (
					"$(inherited)",
					"@executable_path/Frameworks",
				);
				MARKETING_VERSION = 1.0;
				PRODUCT_BUNDLE_IDENTIFIER = com.example.Eclipse;
				PRODUCT_NAME = "$(TARGET_NAME)";
				SWIFT_EMIT_LOC_STRINGS = YES;
				SWIFT_VERSION = 5.0;
				TARGETED_DEVICE_FAMILY = "1,2";
			};
			name = Release;
		};
/* End XCBuildConfiguration section */

/* Begin XCConfigurationList section */
		276D6D0C2D64649C0041317C /* Build configuration list for PBXProject "Eclipse" */ = {
			isa = XCConfigurationList;
			buildConfigurations = (
				276D6D232D64649D0041317C /* Debug */,
				276D6D242D64649D0041317C /* Release */,
			);
			defaultConfigurationIsVisible = 0;
			defaultConfigurationName = Release;
		};
		276D6D252D64649D0041317C /* Build configuration list for PBXNativeTarget "Eclipse" */ = {
			isa = XCConfigurationList;
			buildConfigurations = (
				276D6D262D64649D0041317C /* Debug */,
				276D6D272D64649D0041317C /* Release */,
			);
			defaultConfigurationIsVisible = 0;
			defaultConfigurationName = Release;
		};
/* End XCConfigurationList section */

/* Begin XCRemoteSwiftPackageReference section */
		276D6D452D6490380041317C /* XCRemoteSwiftPackageReference "firebase-ios-sdk" */ = {
			isa = XCRemoteSwiftPackageReference;
			repositoryURL = "https://github.com/firebase/firebase-ios-sdk";
			requirement = {
				kind = upToNextMajorVersion;
				minimumVersion = 11.8.1;
			};
		};
		276D6D632D649C0A0041317C /* XCRemoteSwiftPackageReference "SDWebImage" */ = {
			isa = XCRemoteSwiftPackageReference;
			repositoryURL = "https://github.com/SDWebImage/SDWebImage.git";
			requirement = {
				kind = upToNextMajorVersion;
				minimumVersion = 5.20.0;
			};
		};
/* End XCRemoteSwiftPackageReference section */

/* Begin XCSwiftPackageProductDependency section */
		276D6D462D6490380041317C /* FirebaseAnalytics */ = {
			isa = XCSwiftPackageProductDependency;
			package = 276D6D452D6490380041317C /* XCRemoteSwiftPackageReference "firebase-ios-sdk" */;
			productName = FirebaseAnalytics;
		};
		276D6D482D6490380041317C /* FirebaseAnalyticsOnDeviceConversion */ = {
			isa = XCSwiftPackageProductDependency;
			package = 276D6D452D6490380041317C /* XCRemoteSwiftPackageReference "firebase-ios-sdk" */;
			productName = FirebaseAnalyticsOnDeviceConversion;
		};
		276D6D4A2D6490380041317C /* FirebaseAnalyticsWithoutAdIdSupport */ = {
			isa = XCSwiftPackageProductDependency;
			package = 276D6D452D6490380041317C /* XCRemoteSwiftPackageReference "firebase-ios-sdk" */;
			productName = FirebaseAnalyticsWithoutAdIdSupport;
		};
		276D6D4C2D6490380041317C /* FirebaseAppCheck */ = {
			isa = XCSwiftPackageProductDependency;
			package = 276D6D452D6490380041317C /* XCRemoteSwiftPackageReference "firebase-ios-sdk" */;
			productName = FirebaseAppCheck;
		};
		276D6D4E2D6490380041317C /* FirebaseAppDistribution-Beta */ = {
			isa = XCSwiftPackageProductDependency;
			package = 276D6D452D6490380041317C /* XCRemoteSwiftPackageReference "firebase-ios-sdk" */;
			productName = "FirebaseAppDistribution-Beta";
		};
		276D6D512D6490910041317C /* FirebaseCore */ = {
			isa = XCSwiftPackageProductDependency;
			package = 276D6D452D6490380041317C /* XCRemoteSwiftPackageReference "firebase-ios-sdk" */;
			productName = FirebaseCore;
		};
		276D6D532D6490970041317C /* FirebaseAuth */ = {
			isa = XCSwiftPackageProductDependency;
			package = 276D6D452D6490380041317C /* XCRemoteSwiftPackageReference "firebase-ios-sdk" */;
			productName = FirebaseAuth;
		};
		276D6D552D64909B0041317C /* FirebaseFirestore */ = {
			isa = XCSwiftPackageProductDependency;
			package = 276D6D452D6490380041317C /* XCRemoteSwiftPackageReference "firebase-ios-sdk" */;
			productName = FirebaseFirestore;
		};
		276D6D642D649C0A0041317C /* SDWebImage */ = {
			isa = XCSwiftPackageProductDependency;
			package = 276D6D632D649C0A0041317C /* XCRemoteSwiftPackageReference "SDWebImage" */;
			productName = SDWebImage;
		};
		276D6D662D649C0A0041317C /* SDWebImageMapKit */ = {
			isa = XCSwiftPackageProductDependency;
			package = 276D6D632D649C0A0041317C /* XCRemoteSwiftPackageReference "SDWebImage" */;
			productName = SDWebImageMapKit;
		};
/* End XCSwiftPackageProductDependency section */

/* Begin XCVersionGroup section */
		2791BD622D676A6700A6CB52 /* CachedBook.xcdatamodeld */ = {
			isa = XCVersionGroup;
			children = (
				2791BD632D676A6700A6CB52 /* CachedBook.xcdatamodel */,
			);
			currentVersion = 2791BD632D676A6700A6CB52 /* CachedBook.xcdatamodel */;
			name = CachedBook.xcdatamodeld;
			path = ../CachedBook.xcdatamodeld;
			sourceTree = "<group>";
			versionGroupType = wrapper.xcdatamodel;
		};
/* End XCVersionGroup section */
	};
	rootObject = 276D6D092D64649C0041317C /* Project object */;
}
